
Microsoft Visual Studio Solution File, Format Version 12.00
# Visual Studio 2013
VisualStudioVersion = 12.0.21005.1
MinimumVisualStudioVersion = 10.0.40219.1
Project("{FAE04EC0-301F-11D3-BF4B-00C04F79EFBC}") = "ProjectEuler", "ProjectEuler\ProjectEuler.csproj", "{F1DDA74A-1546-4E3C-B79B-DBB62A42C219}"
EndProject
Project("{F2A71F9B-5D33-465A-A702-920D77279786}") = "Test", "Test\Test.fsproj", "{00773323-4910-4D37-B518-8622E63F92E9}"
EndProject
Global
	GlobalSection(SolutionConfigurationPlatforms) = preSolution
		Debug|Any CPU = Debug|Any CPU
		Release|Any CPU = Release|Any CPU
	EndGlobalSection
	GlobalSection(ProjectConfigurationPlatforms) = postSolution
		{F1DDA74A-1546-4E3C-B79B-DBB62A42C219}.Debug|Any CPU.ActiveCfg = Debug|Any CPU
		{F1DDA74A-1546-4E3C-B79B-DBB62A42C219}.Debug|Any CPU.Build.0 = Debug|Any CPU
		{F1DDA74A-1546-4E3C-B79B-DBB62A42C219}.Release|Any CPU.ActiveCfg = Release|Any CPU
		{F1DDA74A-1546-4E3C-B79B-DBB62A42C219}.Release|Any CPU.Build.0 = Release|Any CPU
		{00773323-4910-4D37-B518-8622E63F92E9}.Debug|Any CPU.ActiveCfg = Debug|Any CPU
		{00773323-4910-4D37-B518-8622E63F92E9}.Debug|Any CPU.Build.0 = Debug|Any CPU
		{00773323-4910-4D37-B518-8622E63F92E9}.Release|Any CPU.ActiveCfg = Release|Any CPU
		{00773323-4910-4D37-B518-8622E63F92E9}.Release|Any CPU.Build.0 = Release|Any CPU
	EndGlobalSection
	GlobalSection(SolutionProperties) = preSolution
		HideSolutionNode = FALSE
	EndGlobalSection
EndGlobal
